
Microsoft Visual Studio Solution File, Format Version 12.00
# Visual Studio Version 17
VisualStudioVersion = 17.13.35931.197 d17.13
MinimumVisualStudioVersion = 10.0.40219.1
Project("{FAE04EC0-301F-11D3-BF4B-00C04F79EFBC}") = "CRUD_Usuarios2", "CRUD_Usuarios2.csproj", "{2BE1E7BE-4A5F-48CF-8852-844ACCCB28DD}"
EndProject
Global
	GlobalSection(SolutionConfigurationPlatforms) = preSolution
		Debug|Any CPU = Debug|Any CPU
		Release|Any CPU = Release|Any CPU
	EndGlobalSection
	GlobalSection(ProjectConfigurationPlatforms) = postSolution
		{2BE1E7BE-4A5F-48CF-8852-844ACCCB28DD}.Debug|Any CPU.ActiveCfg = Debug|Any CPU
		{2BE1E7BE-4A5F-48CF-8852-844ACCCB28DD}.Debug|Any CPU.Build.0 = Debug|Any CPU
		{2BE1E7BE-4A5F-48CF-8852-844ACCCB28DD}.Release|Any CPU.ActiveCfg = Release|Any CPU
		{2BE1E7BE-4A5F-48CF-8852-844ACCCB28DD}.Release|Any CPU.Build.0 = Release|Any CPU
	EndGlobalSection
	GlobalSection(SolutionProperties) = preSolution
		HideSolutionNode = FALSE
	EndGlobalSection
	GlobalSection(ExtensibilityGlobals) = postSolution
		SolutionGuid = {32DA85DF-A539-4B75-9759-414A420FA6BC}
	EndGlobalSection
EndGlobal
